// !$*UTF8*$!
{
	archiveVersion = 1;
	classes = {
	};
	objectVersion = 46;
	objects = {

/* Begin PBXBuildFile section */
		8F2280A6FC0E62E1BF9E5C69 /* AES.m in Sources */ = {isa = PBXBuildFile; fileRef = 8F22850A3A066568CC22CE57 /* AES.m */; };
		8F22813E256EC3F56FF30717 /* BigInteger.m in Sources */ = {isa = PBXBuildFile; fileRef = 8F22815A8FF8E85E12D8E37A /* BigInteger.m */; };
		8F22817847915CA0B487314D /* NSData+MD5.m in Sources */ = {isa = PBXBuildFile; fileRef = 8F2287F741EA980785B703A1 /* NSData+MD5.m */; };
		8F2281CD9454860A600AD128 /* NSString+MD5.m in Sources */ = {isa = PBXBuildFile; fileRef = 8F228C9950B6C3E4EEDC2FF3 /* NSString+MD5.m */; };
		8F2281D10033531A9C0C33A4 /* RSA.h in Headers */ = {isa = PBXBuildFile; fileRef = 8F2286325E144B24E23D8A32 /* RSA.h */; };
		8F2281D5857E2B5B3CDB95FA /* NSData+AES.h in Headers */ = {isa = PBXBuildFile; fileRef = 8F228CB5C60DA525D1C882EB /* NSData+AES.h */; };
		8F2282D4D42534DFB15E64D3 /* MPN.m in Sources */ = {isa = PBXBuildFile; fileRef = 8F228E80F1A43E399A4A2B12 /* MPN.m */; };
		8F22846582D3E00F768B67F0 /* MPN.h in Headers */ = {isa = PBXBuildFile; fileRef = 8F22869B972D6C6C0F9A03FC /* MPN.h */; };
		8F22849F269B999A86391A9E /* NSData+AES.m in Sources */ = {isa = PBXBuildFile; fileRef = 8F2286AE2DD5E92CF3BDD711 /* NSData+AES.m */; };
		8F228542E517C11775B6A4C4 /* NSString+MD5.m in Sources */ = {isa = PBXBuildFile; fileRef = 8F228C9950B6C3E4EEDC2FF3 /* NSString+MD5.m */; };
		8F22856474C43E21D8143556 /* BigInteger.m in Sources */ = {isa = PBXBuildFile; fileRef = 8F22815A8FF8E85E12D8E37A /* BigInteger.m */; };
		8F2285AD6F5BA8BBBA092D72 /* MPN.m in Sources */ = {isa = PBXBuildFile; fileRef = 8F228E80F1A43E399A4A2B12 /* MPN.m */; };
		8F228653F6940B0C5AA5C566 /* NSData+HexDump.m in Sources */ = {isa = PBXBuildFile; fileRef = 8F22823AE0B0641980648028 /* NSData+HexDump.m */; };
		8F228660E6E7B6A0B9205C67 /* NSData+MD5.m in Sources */ = {isa = PBXBuildFile; fileRef = 8F2287F741EA980785B703A1 /* NSData+MD5.m */; };
		8F2286B784A2652D4FFC8F22 /* AES.m in Sources */ = {isa = PBXBuildFile; fileRef = 8F22850A3A066568CC22CE57 /* AES.m */; };
		8F2286C483B9D53AE52F593A /* RSA.m in Sources */ = {isa = PBXBuildFile; fileRef = 8F2287838750DC74BBF613CC /* RSA.m */; };
		8F22871125400354C4B1A4E9 /* AES.m in Sources */ = {isa = PBXBuildFile; fileRef = 8F22850A3A066568CC22CE57 /* AES.m */; };
		8F2287175D3CFCEEC54BBCD4 /* NSData+MD5.h in Headers */ = {isa = PBXBuildFile; fileRef = 8F228F21895C8678E98912F3 /* NSData+MD5.h */; };
		8F2287D808638E76A41DEE30 /* RSA.m in Sources */ = {isa = PBXBuildFile; fileRef = 8F2287838750DC74BBF613CC /* RSA.m */; };
		8F2287E1596B69F9FCBE58A5 /* RSA.m in Sources */ = {isa = PBXBuildFile; fileRef = 8F2287838750DC74BBF613CC /* RSA.m */; };
		8F22881C5CC85A402DDB3ABE /* NSString+MD5.m in Sources */ = {isa = PBXBuildFile; fileRef = 8F228C9950B6C3E4EEDC2FF3 /* NSString+MD5.m */; };
		8F2288CC432BC7F63D9F4A38 /* AES.m in Sources */ = {isa = PBXBuildFile; fileRef = 8F22850A3A066568CC22CE57 /* AES.m */; };
		8F228A45B4DB1E804165520A /* NSData+BigInteger.m in Sources */ = {isa = PBXBuildFile; fileRef = 8F228F97E6A9CF53912234D3 /* NSData+BigInteger.m */; };
		8F228A4E0571A0EE8D7AB325 /* NSData+BigInteger.m in Sources */ = {isa = PBXBuildFile; fileRef = 8F228F97E6A9CF53912234D3 /* NSData+BigInteger.m */; };
		8F228AA1F7E4CB1E4A4E26EF /* MPN.m in Sources */ = {isa = PBXBuildFile; fileRef = 8F228E80F1A43E399A4A2B12 /* MPN.m */; };
		8F228B3E81F57C54164152F9 /* RSA.m in Sources */ = {isa = PBXBuildFile; fileRef = 8F2287838750DC74BBF613CC /* RSA.m */; };
		8F228B9BA497B5B54B303F46 /* BigInteger.m in Sources */ = {isa = PBXBuildFile; fileRef = 8F22815A8FF8E85E12D8E37A /* BigInteger.m */; };
		8F228BC338EF17BEF3612732 /* NSData+HexDump.m in Sources */ = {isa = PBXBuildFile; fileRef = 8F22823AE0B0641980648028 /* NSData+HexDump.m */; };
		8F228BF800DB7094CBEDFBCE /* NSData+Base64.m in Sources */ = {isa = PBXBuildFile; fileRef = 8F22861636C55E1414179070 /* NSData+Base64.m */; };
		8F228C11DFE6320DE458A0A4 /* BigInteger.m in Sources */ = {isa = PBXBuildFile; fileRef = 8F22815A8FF8E85E12D8E37A /* BigInteger.m */; };
		8F228C2581C58BB756DA56CC /* BigInteger.h in Headers */ = {isa = PBXBuildFile; fileRef = 8F228023BFE58302289018F9 /* BigInteger.h */; };
		8F228C31EC1FC6D91BB6039B /* NSData+Base64.m in Sources */ = {isa = PBXBuildFile; fileRef = 8F22861636C55E1414179070 /* NSData+Base64.m */; };
		8F228C4BE5EC8E85A3AD1640 /* NSData+BigInteger.m in Sources */ = {isa = PBXBuildFile; fileRef = 8F228F97E6A9CF53912234D3 /* NSData+BigInteger.m */; };
		8F228C62CAB0883706BEA603 /* NSData+HexDump.h in Headers */ = {isa = PBXBuildFile; fileRef = 8F228A87D8C5F086F81952A9 /* NSData+HexDump.h */; };
		8F228C647FE4630DD15A72FA /* NSData+Base64.h in Headers */ = {isa = PBXBuildFile; fileRef = 8F2286610730582E27FBC71C /* NSData+Base64.h */; };
		8F228C8A1D5F580889D7CEB2 /* AES.h in Headers */ = {isa = PBXBuildFile; fileRef = 8F2288E77C425D9B326DF9F7 /* AES.h */; };
		8F228CD97ADB5E21EFE3A26F /* NSData+HexDump.m in Sources */ = {isa = PBXBuildFile; fileRef = 8F22823AE0B0641980648028 /* NSData+HexDump.m */; };
		8F228D2AAF0B5AF92652C727 /* NSData+BigInteger.h in Headers */ = {isa = PBXBuildFile; fileRef = 8F22855BBB1D9BAB557E1816 /* NSData+BigInteger.h */; };
		8F228D51F45937ACA95BCA9D /* NSData+MD5.m in Sources */ = {isa = PBXBuildFile; fileRef = 8F2287F741EA980785B703A1 /* NSData+MD5.m */; };
		8F228D737F19F2D657DEB6E1 /* NSData+Base64.m in Sources */ = {isa = PBXBuildFile; fileRef = 8F22861636C55E1414179070 /* NSData+Base64.m */; };
		8F228D992E05DE2EB9AB5DBB /* NSString+MD5.h in Headers */ = {isa = PBXBuildFile; fileRef = 8F22810F8BF28267F72185FF /* NSString+MD5.h */; };
		8F228DFD2FBDF0FBCBB765EB /* NSData+AES.m in Sources */ = {isa = PBXBuildFile; fileRef = 8F2286AE2DD5E92CF3BDD711 /* NSData+AES.m */; };
		8F228E1CEACDD22375AF278E /* NSData+MD5.m in Sources */ = {isa = PBXBuildFile; fileRef = 8F2287F741EA980785B703A1 /* NSData+MD5.m */; };
		8F228E5A0C4A1667B0FDDE6D /* NSData+AES.m in Sources */ = {isa = PBXBuildFile; fileRef = 8F2286AE2DD5E92CF3BDD711 /* NSData+AES.m */; };
		8F228EB388414647A230A3AA /* NSData+Base64.m in Sources */ = {isa = PBXBuildFile; fileRef = 8F22861636C55E1414179070 /* NSData+Base64.m */; };
		8F228F5732015E44597B782B /* MPN.m in Sources */ = {isa = PBXBuildFile; fileRef = 8F228E80F1A43E399A4A2B12 /* MPN.m */; };
		8F228F5C847F5F0EE28BA2A3 /* NSData+HexDump.m in Sources */ = {isa = PBXBuildFile; fileRef = 8F22823AE0B0641980648028 /* NSData+HexDump.m */; };
		8F228FE3E1510F2B71A54CDD /* NSString+MD5.m in Sources */ = {isa = PBXBuildFile; fileRef = 8F228C9950B6C3E4EEDC2FF3 /* NSString+MD5.m */; };
		8F228FEF9149B92B74E36004 /* NSData+AES.m in Sources */ = {isa = PBXBuildFile; fileRef = 8F2286AE2DD5E92CF3BDD711 /* NSData+AES.m */; };
		8F228FF24ADF448B7C293A2E /* NSData+BigInteger.m in Sources */ = {isa = PBXBuildFile; fileRef = 8F228F97E6A9CF53912234D3 /* NSData+BigInteger.m */; };
		D468875B1820409F00FCAFC8 /* Cocoa.framework in Frameworks */ = {isa = PBXBuildFile; fileRef = D468875A1820409F00FCAFC8 /* Cocoa.framework */; };
		D46887651820409F00FCAFC8 /* RSALib.m in Sources */ = {isa = PBXBuildFile; fileRef = D46887641820409F00FCAFC8 /* RSALib.m */; };
		D468876C1820409F00FCAFC8 /* XCTest.framework in Frameworks */ = {isa = PBXBuildFile; fileRef = D468876B1820409F00FCAFC8 /* XCTest.framework */; };
		D468876D1820409F00FCAFC8 /* Cocoa.framework in Frameworks */ = {isa = PBXBuildFile; fileRef = D468875A1820409F00FCAFC8 /* Cocoa.framework */; };
		D46887701820409F00FCAFC8 /* libRSALib.a in Frameworks */ = {isa = PBXBuildFile; fileRef = D46887571820409F00FCAFC8 /* libRSALib.a */; };
		D46887761820409F00FCAFC8 /* InfoPlist.strings in Resources */ = {isa = PBXBuildFile; fileRef = D46887741820409F00FCAFC8 /* InfoPlist.strings */; };
		D46887781820409F00FCAFC8 /* RSALibTests.m in Sources */ = {isa = PBXBuildFile; fileRef = D46887771820409F00FCAFC8 /* RSALibTests.m */; };
		D4688787182040B000FCAFC8 /* Foundation.framework in Frameworks */ = {isa = PBXBuildFile; fileRef = D4688786182040B000FCAFC8 /* Foundation.framework */; };
		D468878E182040B000FCAFC8 /* RSALibPhone.m in Sources */ = {isa = PBXBuildFile; fileRef = D468878D182040B000FCAFC8 /* RSALibPhone.m */; };
		D4688794182040B000FCAFC8 /* XCTest.framework in Frameworks */ = {isa = PBXBuildFile; fileRef = D468876B1820409F00FCAFC8 /* XCTest.framework */; };
		D4688795182040B000FCAFC8 /* Foundation.framework in Frameworks */ = {isa = PBXBuildFile; fileRef = D4688786182040B000FCAFC8 /* Foundation.framework */; };
		D4688797182040B000FCAFC8 /* UIKit.framework in Frameworks */ = {isa = PBXBuildFile; fileRef = D4688796182040B000FCAFC8 /* UIKit.framework */; };
		D468879A182040B000FCAFC8 /* libRSALibPhone.a in Frameworks */ = {isa = PBXBuildFile; fileRef = D4688785182040B000FCAFC8 /* libRSALibPhone.a */; };
		D46887A0182040B000FCAFC8 /* InfoPlist.strings in Resources */ = {isa = PBXBuildFile; fileRef = D468879E182040B000FCAFC8 /* InfoPlist.strings */; };
		D46887A2182040B000FCAFC8 /* RSALibPhoneTests.m in Sources */ = {isa = PBXBuildFile; fileRef = D46887A1182040B000FCAFC8 /* RSALibPhoneTests.m */; };
		D4F6F5401826990300984625 /* RSALib.h in CopyFiles */ = {isa = PBXBuildFile; fileRef = D46887631820409F00FCAFC8 /* RSALib.h */; };
/* End PBXBuildFile section */

/* Begin PBXContainerItemProxy section */
		D468876E1820409F00FCAFC8 /* PBXContainerItemProxy */ = {
			isa = PBXContainerItemProxy;
			containerPortal = D468874F1820409F00FCAFC8 /* Project object */;
			proxyType = 1;
			remoteGlobalIDString = D46887561820409F00FCAFC8;
			remoteInfo = RSALib;
		};
		D4688798182040B000FCAFC8 /* PBXContainerItemProxy */ = {
			isa = PBXContainerItemProxy;
			containerPortal = D468874F1820409F00FCAFC8 /* Project object */;
			proxyType = 1;
			remoteGlobalIDString = D4688784182040B000FCAFC8;
			remoteInfo = RSALibPhone;
		};
/* End PBXContainerItemProxy section */

/* Begin PBXCopyFilesBuildPhase section */
		D4688783182040B000FCAFC8 /* CopyFiles */ = {
			isa = PBXCopyFilesBuildPhase;
			buildActionMask = 2147483647;
			dstPath = "include/$(PRODUCT_NAME)";
			dstSubfolderSpec = 16;
			files = (
				D4F6F5401826990300984625 /* RSALib.h in CopyFiles */,
			);
			runOnlyForDeploymentPostprocessing = 0;
		};
/* End PBXCopyFilesBuildPhase section */

/* Begin PBXFileReference section */
		8F228023BFE58302289018F9 /* BigInteger.h */ = {isa = PBXFileReference; fileEncoding = 4; lastKnownFileType = sourcecode.c.h; path = BigInteger.h; sourceTree = "<group>"; };
		8F22810F8BF28267F72185FF /* NSString+MD5.h */ = {isa = PBXFileReference; fileEncoding = 4; lastKnownFileType = sourcecode.c.h; path = "NSString+MD5.h"; sourceTree = "<group>"; };
		8F22815A8FF8E85E12D8E37A /* BigInteger.m */ = {isa = PBXFileReference; fileEncoding = 4; lastKnownFileType = sourcecode.c.objc; path = BigInteger.m; sourceTree = "<group>"; };
		8F22823AE0B0641980648028 /* NSData+HexDump.m */ = {isa = PBXFileReference; fileEncoding = 4; lastKnownFileType = sourcecode.c.objc; path = "NSData+HexDump.m"; sourceTree = "<group>"; };
		8F22850A3A066568CC22CE57 /* AES.m */ = {isa = PBXFileReference; fileEncoding = 4; lastKnownFileType = sourcecode.c.objc; path = AES.m; sourceTree = "<group>"; };
		8F22855BBB1D9BAB557E1816 /* NSData+BigInteger.h */ = {isa = PBXFileReference; fileEncoding = 4; lastKnownFileType = sourcecode.c.h; path = "NSData+BigInteger.h"; sourceTree = "<group>"; };
		8F22861636C55E1414179070 /* NSData+Base64.m */ = {isa = PBXFileReference; fileEncoding = 4; lastKnownFileType = sourcecode.c.objc; path = "NSData+Base64.m"; sourceTree = "<group>"; };
		8F2286325E144B24E23D8A32 /* RSA.h */ = {isa = PBXFileReference; fileEncoding = 4; lastKnownFileType = sourcecode.c.h; path = RSA.h; sourceTree = "<group>"; };
		8F2286610730582E27FBC71C /* NSData+Base64.h */ = {isa = PBXFileReference; fileEncoding = 4; lastKnownFileType = sourcecode.c.h; path = "NSData+Base64.h"; sourceTree = "<group>"; };
		8F22869B972D6C6C0F9A03FC /* MPN.h */ = {isa = PBXFileReference; fileEncoding = 4; lastKnownFileType = sourcecode.c.h; path = MPN.h; sourceTree = "<group>"; };
		8F2286AE2DD5E92CF3BDD711 /* NSData+AES.m */ = {isa = PBXFileReference; fileEncoding = 4; lastKnownFileType = sourcecode.c.objc; path = "NSData+AES.m"; sourceTree = "<group>"; };
		8F2287838750DC74BBF613CC /* RSA.m */ = {isa = PBXFileReference; fileEncoding = 4; lastKnownFileType = sourcecode.c.objc; path = RSA.m; sourceTree = "<group>"; };
		8F2287F741EA980785B703A1 /* NSData+MD5.m */ = {isa = PBXFileReference; fileEncoding = 4; lastKnownFileType = sourcecode.c.objc; path = "NSData+MD5.m"; sourceTree = "<group>"; };
		8F2288E77C425D9B326DF9F7 /* AES.h */ = {isa = PBXFileReference; fileEncoding = 4; lastKnownFileType = sourcecode.c.h; path = AES.h; sourceTree = "<group>"; };
		8F228A87D8C5F086F81952A9 /* NSData+HexDump.h */ = {isa = PBXFileReference; fileEncoding = 4; lastKnownFileType = sourcecode.c.h; path = "NSData+HexDump.h"; sourceTree = "<group>"; };
		8F228C9950B6C3E4EEDC2FF3 /* NSString+MD5.m */ = {isa = PBXFileReference; fileEncoding = 4; lastKnownFileType = sourcecode.c.objc; path = "NSString+MD5.m"; sourceTree = "<group>"; };
		8F228CB5C60DA525D1C882EB /* NSData+AES.h */ = {isa = PBXFileReference; fileEncoding = 4; lastKnownFileType = sourcecode.c.h; path = "NSData+AES.h"; sourceTree = "<group>"; };
		8F228E80F1A43E399A4A2B12 /* MPN.m */ = {isa = PBXFileReference; fileEncoding = 4; lastKnownFileType = sourcecode.c.objc; path = MPN.m; sourceTree = "<group>"; };
		8F228F21895C8678E98912F3 /* NSData+MD5.h */ = {isa = PBXFileReference; fileEncoding = 4; lastKnownFileType = sourcecode.c.h; path = "NSData+MD5.h"; sourceTree = "<group>"; };
		8F228F97E6A9CF53912234D3 /* NSData+BigInteger.m */ = {isa = PBXFileReference; fileEncoding = 4; lastKnownFileType = sourcecode.c.objc; path = "NSData+BigInteger.m"; sourceTree = "<group>"; };
		D46887571820409F00FCAFC8 /* libRSALib.a */ = {isa = PBXFileReference; explicitFileType = archive.ar; includeInIndex = 0; path = libRSALib.a; sourceTree = BUILT_PRODUCTS_DIR; };
		D468875A1820409F00FCAFC8 /* Cocoa.framework */ = {isa = PBXFileReference; lastKnownFileType = wrapper.framework; name = Cocoa.framework; path = System/Library/Frameworks/Cocoa.framework; sourceTree = SDKROOT; };
		D468875D1820409F00FCAFC8 /* Foundation.framework */ = {isa = PBXFileReference; lastKnownFileType = wrapper.framework; name = Foundation.framework; path = System/Library/Frameworks/Foundation.framework; sourceTree = SDKROOT; };
		D468875E1820409F00FCAFC8 /* CoreData.framework */ = {isa = PBXFileReference; lastKnownFileType = wrapper.framework; name = CoreData.framework; path = System/Library/Frameworks/CoreData.framework; sourceTree = SDKROOT; };
		D468875F1820409F00FCAFC8 /* AppKit.framework */ = {isa = PBXFileReference; lastKnownFileType = wrapper.framework; name = AppKit.framework; path = System/Library/Frameworks/AppKit.framework; sourceTree = SDKROOT; };
		D46887621820409F00FCAFC8 /* RSALib-Prefix.pch */ = {isa = PBXFileReference; lastKnownFileType = sourcecode.c.h; path = "RSALib-Prefix.pch"; sourceTree = "<group>"; };
		D46887631820409F00FCAFC8 /* RSALib.h */ = {isa = PBXFileReference; lastKnownFileType = sourcecode.c.h; path = RSALib.h; sourceTree = "<group>"; };
		D46887641820409F00FCAFC8 /* RSALib.m */ = {isa = PBXFileReference; lastKnownFileType = sourcecode.c.objc; path = RSALib.m; sourceTree = "<group>"; };
		D468876A1820409F00FCAFC8 /* RSALibTests.xctest */ = {isa = PBXFileReference; explicitFileType = wrapper.cfbundle; includeInIndex = 0; path = RSALibTests.xctest; sourceTree = BUILT_PRODUCTS_DIR; };
		D468876B1820409F00FCAFC8 /* XCTest.framework */ = {isa = PBXFileReference; lastKnownFileType = wrapper.framework; name = XCTest.framework; path = Library/Frameworks/XCTest.framework; sourceTree = DEVELOPER_DIR; };
		D46887731820409F00FCAFC8 /* RSALibTests-Info.plist */ = {isa = PBXFileReference; lastKnownFileType = text.plist.xml; path = "RSALibTests-Info.plist"; sourceTree = "<group>"; };
		D46887751820409F00FCAFC8 /* en */ = {isa = PBXFileReference; lastKnownFileType = text.plist.strings; name = en; path = en.lproj/InfoPlist.strings; sourceTree = "<group>"; };
		D46887771820409F00FCAFC8 /* RSALibTests.m */ = {isa = PBXFileReference; lastKnownFileType = sourcecode.c.objc; path = RSALibTests.m; sourceTree = "<group>"; };
		D4688785182040B000FCAFC8 /* libRSALibPhone.a */ = {isa = PBXFileReference; explicitFileType = archive.ar; includeInIndex = 0; path = libRSALibPhone.a; sourceTree = BUILT_PRODUCTS_DIR; };
		D4688786182040B000FCAFC8 /* Foundation.framework */ = {isa = PBXFileReference; lastKnownFileType = wrapper.framework; name = Foundation.framework; path = System/Library/Frameworks/Foundation.framework; sourceTree = SDKROOT; };
		D468878A182040B000FCAFC8 /* RSALibPhone-Prefix.pch */ = {isa = PBXFileReference; lastKnownFileType = sourcecode.c.h; path = "RSALibPhone-Prefix.pch"; sourceTree = "<group>"; };
		D468878B182040B000FCAFC8 /* RSALibPhone.h */ = {isa = PBXFileReference; lastKnownFileType = sourcecode.c.h; path = RSALibPhone.h; sourceTree = "<group>"; };
		D468878D182040B000FCAFC8 /* RSALibPhone.m */ = {isa = PBXFileReference; lastKnownFileType = sourcecode.c.objc; path = RSALibPhone.m; sourceTree = "<group>"; };
		D4688793182040B000FCAFC8 /* RSALibPhoneTests.xctest */ = {isa = PBXFileReference; explicitFileType = wrapper.cfbundle; includeInIndex = 0; path = RSALibPhoneTests.xctest; sourceTree = BUILT_PRODUCTS_DIR; };
		D4688796182040B000FCAFC8 /* UIKit.framework */ = {isa = PBXFileReference; lastKnownFileType = wrapper.framework; name = UIKit.framework; path = Library/Frameworks/UIKit.framework; sourceTree = DEVELOPER_DIR; };
		D468879D182040B000FCAFC8 /* RSALibPhoneTests-Info.plist */ = {isa = PBXFileReference; lastKnownFileType = text.plist.xml; path = "RSALibPhoneTests-Info.plist"; sourceTree = "<group>"; };
		D468879F182040B000FCAFC8 /* en */ = {isa = PBXFileReference; lastKnownFileType = text.plist.strings; name = en; path = en.lproj/InfoPlist.strings; sourceTree = "<group>"; };
		D46887A1182040B000FCAFC8 /* RSALibPhoneTests.m */ = {isa = PBXFileReference; lastKnownFileType = sourcecode.c.objc; path = RSALibPhoneTests.m; sourceTree = "<group>"; };
		D4F6F51D1826970C00984625 /* rsaLibTouch-Prefix.pch */ = {isa = PBXFileReference; lastKnownFileType = sourcecode.c.h; path = "rsaLibTouch-Prefix.pch"; sourceTree = "<group>"; };
		D4F6F51E1826970C00984625 /* rsaLibTouch.h */ = {isa = PBXFileReference; lastKnownFileType = sourcecode.c.h; path = rsaLibTouch.h; sourceTree = "<group>"; };
		D4F6F5201826970C00984625 /* rsaLibTouch.m */ = {isa = PBXFileReference; lastKnownFileType = sourcecode.c.objc; path = rsaLibTouch.m; sourceTree = "<group>"; };
		D4F6F52F1826970D00984625 /* rsaLibTouchTests-Info.plist */ = {isa = PBXFileReference; lastKnownFileType = text.plist.xml; path = "rsaLibTouchTests-Info.plist"; sourceTree = "<group>"; };
		D4F6F5311826970D00984625 /* en */ = {isa = PBXFileReference; lastKnownFileType = text.plist.strings; name = en; path = en.lproj/InfoPlist.strings; sourceTree = "<group>"; };
		D4F6F5331826970D00984625 /* rsaLibTouchTests.m */ = {isa = PBXFileReference; lastKnownFileType = sourcecode.c.objc; path = rsaLibTouchTests.m; sourceTree = "<group>"; };
/* End PBXFileReference section */

/* Begin PBXFrameworksBuildPhase section */
		D46887541820409F00FCAFC8 /* Frameworks */ = {
			isa = PBXFrameworksBuildPhase;
			buildActionMask = 2147483647;
			files = (
				D468875B1820409F00FCAFC8 /* Cocoa.framework in Frameworks */,
			);
			runOnlyForDeploymentPostprocessing = 0;
		};
		D46887671820409F00FCAFC8 /* Frameworks */ = {
			isa = PBXFrameworksBuildPhase;
			buildActionMask = 2147483647;
			files = (
				D46887701820409F00FCAFC8 /* libRSALib.a in Frameworks */,
				D468876D1820409F00FCAFC8 /* Cocoa.framework in Frameworks */,
				D468876C1820409F00FCAFC8 /* XCTest.framework in Frameworks */,
			);
			runOnlyForDeploymentPostprocessing = 0;
		};
		D4688782182040B000FCAFC8 /* Frameworks */ = {
			isa = PBXFrameworksBuildPhase;
			buildActionMask = 2147483647;
			files = (
				D4688787182040B000FCAFC8 /* Foundation.framework in Frameworks */,
			);
			runOnlyForDeploymentPostprocessing = 0;
		};
		D4688790182040B000FCAFC8 /* Frameworks */ = {
			isa = PBXFrameworksBuildPhase;
			buildActionMask = 2147483647;
			files = (
				D4688794182040B000FCAFC8 /* XCTest.framework in Frameworks */,
				D468879A182040B000FCAFC8 /* libRSALibPhone.a in Frameworks */,
				D4688797182040B000FCAFC8 /* UIKit.framework in Frameworks */,
				D4688795182040B000FCAFC8 /* Foundation.framework in Frameworks */,
			);
			runOnlyForDeploymentPostprocessing = 0;
		};
/* End PBXFrameworksBuildPhase section */

/* Begin PBXGroup section */
		8F2287EEB4CFC1E64E135DA1 /* Categories */ = {
			isa = PBXGroup;
			children = (
				8F228CB5C60DA525D1C882EB /* NSData+AES.h */,
				8F2286AE2DD5E92CF3BDD711 /* NSData+AES.m */,
				8F2286610730582E27FBC71C /* NSData+Base64.h */,
				8F22861636C55E1414179070 /* NSData+Base64.m */,
				8F22855BBB1D9BAB557E1816 /* NSData+BigInteger.h */,
				8F228F97E6A9CF53912234D3 /* NSData+BigInteger.m */,
				8F228A87D8C5F086F81952A9 /* NSData+HexDump.h */,
				8F22823AE0B0641980648028 /* NSData+HexDump.m */,
				8F228F21895C8678E98912F3 /* NSData+MD5.h */,
				8F2287F741EA980785B703A1 /* NSData+MD5.m */,
				8F22810F8BF28267F72185FF /* NSString+MD5.h */,
				8F228C9950B6C3E4EEDC2FF3 /* NSString+MD5.m */,
			);
			path = Categories;
			sourceTree = "<group>";
		};
		D468874E1820409F00FCAFC8 = {
			isa = PBXGroup;
			children = (
				D46887601820409F00FCAFC8 /* RSALib */,
				D46887711820409F00FCAFC8 /* RSALibTests */,
				D4688788182040B000FCAFC8 /* RSALibPhone */,
				D468879B182040B000FCAFC8 /* RSALibPhoneTests */,
				D4F6F51B1826970C00984625 /* rsaLibTouch */,
				D4F6F52D1826970D00984625 /* rsaLibTouchTests */,
				D46887591820409F00FCAFC8 /* Frameworks */,
				D46887581820409F00FCAFC8 /* Products */,
			);
			sourceTree = "<group>";
		};
		D46887581820409F00FCAFC8 /* Products */ = {
			isa = PBXGroup;
			children = (
				D46887571820409F00FCAFC8 /* libRSALib.a */,
				D468876A1820409F00FCAFC8 /* RSALibTests.xctest */,
				D4688785182040B000FCAFC8 /* libRSALibPhone.a */,
				D4688793182040B000FCAFC8 /* RSALibPhoneTests.xctest */,
			);
			name = Products;
			sourceTree = "<group>";
		};
		D46887591820409F00FCAFC8 /* Frameworks */ = {
			isa = PBXGroup;
			children = (
				D468875A1820409F00FCAFC8 /* Cocoa.framework */,
				D468876B1820409F00FCAFC8 /* XCTest.framework */,
				D4688786182040B000FCAFC8 /* Foundation.framework */,
				D4688796182040B000FCAFC8 /* UIKit.framework */,
				D468875C1820409F00FCAFC8 /* Other Frameworks */,
			);
			name = Frameworks;
			sourceTree = "<group>";
		};
		D468875C1820409F00FCAFC8 /* Other Frameworks */ = {
			isa = PBXGroup;
			children = (
				D468875D1820409F00FCAFC8 /* Foundation.framework */,
				D468875E1820409F00FCAFC8 /* CoreData.framework */,
				D468875F1820409F00FCAFC8 /* AppKit.framework */,
			);
			name = "Other Frameworks";
			sourceTree = "<group>";
		};
		D46887601820409F00FCAFC8 /* RSALib */ = {
			isa = PBXGroup;
			children = (
				D46887631820409F00FCAFC8 /* RSALib.h */,
				D46887641820409F00FCAFC8 /* RSALib.m */,
				D46887611820409F00FCAFC8 /* Supporting Files */,
				8F22869B972D6C6C0F9A03FC /* MPN.h */,
				8F228023BFE58302289018F9 /* BigInteger.h */,
				8F2287838750DC74BBF613CC /* RSA.m */,
				8F2286325E144B24E23D8A32 /* RSA.h */,
				8F228E80F1A43E399A4A2B12 /* MPN.m */,
				8F22815A8FF8E85E12D8E37A /* BigInteger.m */,
				8F2287EEB4CFC1E64E135DA1 /* Categories */,
				8F22850A3A066568CC22CE57 /* AES.m */,
				8F2288E77C425D9B326DF9F7 /* AES.h */,
			);
			path = RSALib;
			sourceTree = "<group>";
		};
		D46887611820409F00FCAFC8 /* Supporting Files */ = {
			isa = PBXGroup;
			children = (
				D46887621820409F00FCAFC8 /* RSALib-Prefix.pch */,
			);
			name = "Supporting Files";
			sourceTree = "<group>";
		};
		D46887711820409F00FCAFC8 /* RSALibTests */ = {
			isa = PBXGroup;
			children = (
				D46887771820409F00FCAFC8 /* RSALibTests.m */,
				D46887721820409F00FCAFC8 /* Supporting Files */,
			);
			path = RSALibTests;
			sourceTree = "<group>";
		};
		D46887721820409F00FCAFC8 /* Supporting Files */ = {
			isa = PBXGroup;
			children = (
				D46887731820409F00FCAFC8 /* RSALibTests-Info.plist */,
				D46887741820409F00FCAFC8 /* InfoPlist.strings */,
			);
			name = "Supporting Files";
			sourceTree = "<group>";
		};
		D4688788182040B000FCAFC8 /* RSALibPhone */ = {
			isa = PBXGroup;
			children = (
				D468878B182040B000FCAFC8 /* RSALibPhone.h */,
				D468878D182040B000FCAFC8 /* RSALibPhone.m */,
				D4688789182040B000FCAFC8 /* Supporting Files */,
			);
			path = RSALibPhone;
			sourceTree = "<group>";
		};
		D4688789182040B000FCAFC8 /* Supporting Files */ = {
			isa = PBXGroup;
			children = (
				D468878A182040B000FCAFC8 /* RSALibPhone-Prefix.pch */,
			);
			name = "Supporting Files";
			sourceTree = "<group>";
		};
		D468879B182040B000FCAFC8 /* RSALibPhoneTests */ = {
			isa = PBXGroup;
			children = (
				D46887A1182040B000FCAFC8 /* RSALibPhoneTests.m */,
				D468879C182040B000FCAFC8 /* Supporting Files */,
			);
			path = RSALibPhoneTests;
			sourceTree = "<group>";
		};
		D468879C182040B000FCAFC8 /* Supporting Files */ = {
			isa = PBXGroup;
			children = (
				D468879D182040B000FCAFC8 /* RSALibPhoneTests-Info.plist */,
				D468879E182040B000FCAFC8 /* InfoPlist.strings */,
			);
			name = "Supporting Files";
			sourceTree = "<group>";
		};
		D4F6F51B1826970C00984625 /* rsaLibTouch */ = {
			isa = PBXGroup;
			children = (
				D4F6F51E1826970C00984625 /* rsaLibTouch.h */,
				D4F6F5201826970C00984625 /* rsaLibTouch.m */,
				D4F6F51C1826970C00984625 /* Supporting Files */,
			);
			path = rsaLibTouch;
			sourceTree = "<group>";
		};
		D4F6F51C1826970C00984625 /* Supporting Files */ = {
			isa = PBXGroup;
			children = (
				D4F6F51D1826970C00984625 /* rsaLibTouch-Prefix.pch */,
			);
			name = "Supporting Files";
			sourceTree = "<group>";
		};
		D4F6F52D1826970D00984625 /* rsaLibTouchTests */ = {
			isa = PBXGroup;
			children = (
				D4F6F5331826970D00984625 /* rsaLibTouchTests.m */,
				D4F6F52E1826970D00984625 /* Supporting Files */,
			);
			path = rsaLibTouchTests;
			sourceTree = "<group>";
		};
		D4F6F52E1826970D00984625 /* Supporting Files */ = {
			isa = PBXGroup;
			children = (
				D4F6F52F1826970D00984625 /* rsaLibTouchTests-Info.plist */,
				D4F6F5301826970D00984625 /* InfoPlist.strings */,
			);
			name = "Supporting Files";
			sourceTree = "<group>";
		};
/* End PBXGroup section */

/* Begin PBXHeadersBuildPhase section */
		D46887551820409F00FCAFC8 /* Headers */ = {
			isa = PBXHeadersBuildPhase;
			buildActionMask = 2147483647;
			files = (
				8F22846582D3E00F768B67F0 /* MPN.h in Headers */,
				8F228C2581C58BB756DA56CC /* BigInteger.h in Headers */,
				8F2281D10033531A9C0C33A4 /* RSA.h in Headers */,
				8F2281D5857E2B5B3CDB95FA /* NSData+AES.h in Headers */,
				8F228C647FE4630DD15A72FA /* NSData+Base64.h in Headers */,
				8F228D2AAF0B5AF92652C727 /* NSData+BigInteger.h in Headers */,
				8F228C62CAB0883706BEA603 /* NSData+HexDump.h in Headers */,
				8F2287175D3CFCEEC54BBCD4 /* NSData+MD5.h in Headers */,
				8F228D992E05DE2EB9AB5DBB /* NSString+MD5.h in Headers */,
				8F228C8A1D5F580889D7CEB2 /* AES.h in Headers */,
			);
			runOnlyForDeploymentPostprocessing = 0;
		};
/* End PBXHeadersBuildPhase section */

/* Begin PBXNativeTarget section */
		D46887561820409F00FCAFC8 /* RSALib */ = {
			isa = PBXNativeTarget;
			buildConfigurationList = D468877B1820409F00FCAFC8 /* Build configuration list for PBXNativeTarget "RSALib" */;
			buildPhases = (
				D46887531820409F00FCAFC8 /* Sources */,
				D46887541820409F00FCAFC8 /* Frameworks */,
				D46887551820409F00FCAFC8 /* Headers */,
			);
			buildRules = (
			);
			dependencies = (
			);
			name = RSALib;
			productName = RSALib;
			productReference = D46887571820409F00FCAFC8 /* libRSALib.a */;
			productType = "com.apple.product-type.library.static";
		};
		D46887691820409F00FCAFC8 /* RSALibTests */ = {
			isa = PBXNativeTarget;
			buildConfigurationList = D468877E1820409F00FCAFC8 /* Build configuration list for PBXNativeTarget "RSALibTests" */;
			buildPhases = (
				D46887661820409F00FCAFC8 /* Sources */,
				D46887671820409F00FCAFC8 /* Frameworks */,
				D46887681820409F00FCAFC8 /* Resources */,
			);
			buildRules = (
			);
			dependencies = (
				D468876F1820409F00FCAFC8 /* PBXTargetDependency */,
			);
			name = RSALibTests;
			productName = RSALibTests;
			productReference = D468876A1820409F00FCAFC8 /* RSALibTests.xctest */;
			productType = "com.apple.product-type.bundle.unit-test";
		};
		D4688784182040B000FCAFC8 /* RSALibPhone */ = {
			isa = PBXNativeTarget;
			buildConfigurationList = D46887A3182040B000FCAFC8 /* Build configuration list for PBXNativeTarget "RSALibPhone" */;
			buildPhases = (
				D4688781182040B000FCAFC8 /* Sources */,
				D4688782182040B000FCAFC8 /* Frameworks */,
				D4688783182040B000FCAFC8 /* CopyFiles */,
			);
			buildRules = (
			);
			dependencies = (
			);
			name = RSALibPhone;
			productName = RSALibPhone;
			productReference = D4688785182040B000FCAFC8 /* libRSALibPhone.a */;
			productType = "com.apple.product-type.library.static";
		};
		D4688792182040B000FCAFC8 /* RSALibPhoneTests */ = {
			isa = PBXNativeTarget;
			buildConfigurationList = D46887A6182040B000FCAFC8 /* Build configuration list for PBXNativeTarget "RSALibPhoneTests" */;
			buildPhases = (
				D468878F182040B000FCAFC8 /* Sources */,
				D4688790182040B000FCAFC8 /* Frameworks */,
				D4688791182040B000FCAFC8 /* Resources */,
			);
			buildRules = (
			);
			dependencies = (
				D4688799182040B000FCAFC8 /* PBXTargetDependency */,
			);
			name = RSALibPhoneTests;
			productName = RSALibPhoneTests;
			productReference = D4688793182040B000FCAFC8 /* RSALibPhoneTests.xctest */;
			productType = "com.apple.product-type.bundle.unit-test";
		};
/* End PBXNativeTarget section */

/* Begin PBXProject section */
		D468874F1820409F00FCAFC8 /* Project object */ = {
			isa = PBXProject;
			attributes = {
				LastUpgradeCheck = 0500;
				ORGANIZATIONNAME = "Stephan Bösebeck";
			};
			buildConfigurationList = D46887521820409F00FCAFC8 /* Build configuration list for PBXProject "RSALib" */;
			compatibilityVersion = "Xcode 3.2";
			developmentRegion = English;
			hasScannedForEncodings = 0;
			knownRegions = (
				en,
			);
			mainGroup = D468874E1820409F00FCAFC8;
			productRefGroup = D46887581820409F00FCAFC8 /* Products */;
			projectDirPath = "";
			projectRoot = "";
			targets = (
				D46887561820409F00FCAFC8 /* RSALib */,
				D46887691820409F00FCAFC8 /* RSALibTests */,
				D4688784182040B000FCAFC8 /* RSALibPhone */,
				D4688792182040B000FCAFC8 /* RSALibPhoneTests */,
			);
		};
/* End PBXProject section */

/* Begin PBXResourcesBuildPhase section */
		D46887681820409F00FCAFC8 /* Resources */ = {
			isa = PBXResourcesBuildPhase;
			buildActionMask = 2147483647;
			files = (
				D46887761820409F00FCAFC8 /* InfoPlist.strings in Resources */,
			);
			runOnlyForDeploymentPostprocessing = 0;
		};
		D4688791182040B000FCAFC8 /* Resources */ = {
			isa = PBXResourcesBuildPhase;
			buildActionMask = 2147483647;
			files = (
				D46887A0182040B000FCAFC8 /* InfoPlist.strings in Resources */,
			);
			runOnlyForDeploymentPostprocessing = 0;
		};
/* End PBXResourcesBuildPhase section */

/* Begin PBXSourcesBuildPhase section */
		D46887531820409F00FCAFC8 /* Sources */ = {
			isa = PBXSourcesBuildPhase;
			buildActionMask = 2147483647;
			files = (
				D46887651820409F00FCAFC8 /* RSALib.m in Sources */,
				8F2287E1596B69F9FCBE58A5 /* RSA.m in Sources */,
				8F228AA1F7E4CB1E4A4E26EF /* MPN.m in Sources */,
				8F22813E256EC3F56FF30717 /* BigInteger.m in Sources */,
				8F228FEF9149B92B74E36004 /* NSData+AES.m in Sources */,
				8F228BF800DB7094CBEDFBCE /* NSData+Base64.m in Sources */,
				8F228C4BE5EC8E85A3AD1640 /* NSData+BigInteger.m in Sources */,
				8F228F5C847F5F0EE28BA2A3 /* NSData+HexDump.m in Sources */,
				8F22817847915CA0B487314D /* NSData+MD5.m in Sources */,
				8F228FE3E1510F2B71A54CDD /* NSString+MD5.m in Sources */,
				8F22871125400354C4B1A4E9 /* AES.m in Sources */,
			);
			runOnlyForDeploymentPostprocessing = 0;
		};
		D46887661820409F00FCAFC8 /* Sources */ = {
			isa = PBXSourcesBuildPhase;
			buildActionMask = 2147483647;
			files = (
				D46887781820409F00FCAFC8 /* RSALibTests.m in Sources */,
				8F2287D808638E76A41DEE30 /* RSA.m in Sources */,
				8F228F5732015E44597B782B /* MPN.m in Sources */,
				8F22856474C43E21D8143556 /* BigInteger.m in Sources */,
				8F228DFD2FBDF0FBCBB765EB /* NSData+AES.m in Sources */,
				8F228D737F19F2D657DEB6E1 /* NSData+Base64.m in Sources */,
				8F228FF24ADF448B7C293A2E /* NSData+BigInteger.m in Sources */,
				8F228CD97ADB5E21EFE3A26F /* NSData+HexDump.m in Sources */,
				8F228660E6E7B6A0B9205C67 /* NSData+MD5.m in Sources */,
				8F2281CD9454860A600AD128 /* NSString+MD5.m in Sources */,
				8F2288CC432BC7F63D9F4A38 /* AES.m in Sources */,
			);
			runOnlyForDeploymentPostprocessing = 0;
		};
		D4688781182040B000FCAFC8 /* Sources */ = {
			isa = PBXSourcesBuildPhase;
			buildActionMask = 2147483647;
			files = (
				D468878E182040B000FCAFC8 /* RSALibPhone.m in Sources */,
				8F2286C483B9D53AE52F593A /* RSA.m in Sources */,
				8F2282D4D42534DFB15E64D3 /* MPN.m in Sources */,
				8F228B9BA497B5B54B303F46 /* BigInteger.m in Sources */,
				8F22849F269B999A86391A9E /* NSData+AES.m in Sources */,
				8F228C31EC1FC6D91BB6039B /* NSData+Base64.m in Sources */,
				8F228A4E0571A0EE8D7AB325 /* NSData+BigInteger.m in Sources */,
				8F228BC338EF17BEF3612732 /* NSData+HexDump.m in Sources */,
				8F228E1CEACDD22375AF278E /* NSData+MD5.m in Sources */,
				8F22881C5CC85A402DDB3ABE /* NSString+MD5.m in Sources */,
				8F2280A6FC0E62E1BF9E5C69 /* AES.m in Sources */,
			);
			runOnlyForDeploymentPostprocessing = 0;
		};
		D468878F182040B000FCAFC8 /* Sources */ = {
			isa = PBXSourcesBuildPhase;
			buildActionMask = 2147483647;
			files = (
				D46887A2182040B000FCAFC8 /* RSALibPhoneTests.m in Sources */,
				8F228B3E81F57C54164152F9 /* RSA.m in Sources */,
				8F2285AD6F5BA8BBBA092D72 /* MPN.m in Sources */,
				8F228C11DFE6320DE458A0A4 /* BigInteger.m in Sources */,
				8F228E5A0C4A1667B0FDDE6D /* NSData+AES.m in Sources */,
				8F228EB388414647A230A3AA /* NSData+Base64.m in Sources */,
				8F228A45B4DB1E804165520A /* NSData+BigInteger.m in Sources */,
				8F228653F6940B0C5AA5C566 /* NSData+HexDump.m in Sources */,
				8F228D51F45937ACA95BCA9D /* NSData+MD5.m in Sources */,
				8F228542E517C11775B6A4C4 /* NSString+MD5.m in Sources */,
				8F2286B784A2652D4FFC8F22 /* AES.m in Sources */,
			);
			runOnlyForDeploymentPostprocessing = 0;
		};
/* End PBXSourcesBuildPhase section */

/* Begin PBXTargetDependency section */
		D468876F1820409F00FCAFC8 /* PBXTargetDependency */ = {
			isa = PBXTargetDependency;
			target = D46887561820409F00FCAFC8 /* RSALib */;
			targetProxy = D468876E1820409F00FCAFC8 /* PBXContainerItemProxy */;
		};
		D4688799182040B000FCAFC8 /* PBXTargetDependency */ = {
			isa = PBXTargetDependency;
			target = D4688784182040B000FCAFC8 /* RSALibPhone */;
			targetProxy = D4688798182040B000FCAFC8 /* PBXContainerItemProxy */;
		};
/* End PBXTargetDependency section */

/* Begin PBXVariantGroup section */
		D46887741820409F00FCAFC8 /* InfoPlist.strings */ = {
			isa = PBXVariantGroup;
			children = (
				D46887751820409F00FCAFC8 /* en */,
			);
			name = InfoPlist.strings;
			sourceTree = "<group>";
		};
		D468879E182040B000FCAFC8 /* InfoPlist.strings */ = {
			isa = PBXVariantGroup;
			children = (
				D468879F182040B000FCAFC8 /* en */,
			);
			name = InfoPlist.strings;
			sourceTree = "<group>";
		};
		D4F6F5301826970D00984625 /* InfoPlist.strings */ = {
			isa = PBXVariantGroup;
			children = (
				D4F6F5311826970D00984625 /* en */,
			);
			name = InfoPlist.strings;
			sourceTree = "<group>";
		};
/* End PBXVariantGroup section */

/* Begin XCBuildConfiguration section */
		D46887791820409F00FCAFC8 /* Debug */ = {
			isa = XCBuildConfiguration;
			buildSettings = {
				ALWAYS_SEARCH_USER_PATHS = NO;
				CLANG_CXX_LANGUAGE_STANDARD = "gnu++0x";
				CLANG_CXX_LIBRARY = "libc++";
				CLANG_ENABLE_OBJC_ARC = YES;
				CLANG_WARN_BOOL_CONVERSION = YES;
				CLANG_WARN_CONSTANT_CONVERSION = YES;
				CLANG_WARN_DIRECT_OBJC_ISA_USAGE = YES_ERROR;
				CLANG_WARN_EMPTY_BODY = YES;
				CLANG_WARN_ENUM_CONVERSION = YES;
				CLANG_WARN_INT_CONVERSION = YES;
				CLANG_WARN_OBJC_ROOT_CLASS = YES_ERROR;
				CLANG_WARN__DUPLICATE_METHOD_MATCH = YES;
				COPY_PHASE_STRIP = NO;
				GCC_C_LANGUAGE_STANDARD = gnu99;
				GCC_DYNAMIC_NO_PIC = NO;
				GCC_ENABLE_OBJC_EXCEPTIONS = YES;
				GCC_OPTIMIZATION_LEVEL = 0;
				GCC_PREPROCESSOR_DEFINITIONS = (
					"DEBUG=1",
					"$(inherited)",
				);
				GCC_SYMBOLS_PRIVATE_EXTERN = NO;
				GCC_WARN_64_TO_32_BIT_CONVERSION = YES;
				GCC_WARN_ABOUT_RETURN_TYPE = YES_ERROR;
				GCC_WARN_UNDECLARED_SELECTOR = YES;
				GCC_WARN_UNINITIALIZED_AUTOS = YES;
				GCC_WARN_UNUSED_FUNCTION = YES;
				GCC_WARN_UNUSED_VARIABLE = YES;
				IPHONEOS_DEPLOYMENT_TARGET = 7.0;
				MACOSX_DEPLOYMENT_TARGET = 10.9;
				ONLY_ACTIVE_ARCH = YES;
				SDKROOT = macosx;
			};
			name = Debug;
		};
		D468877A1820409F00FCAFC8 /* Release */ = {
			isa = XCBuildConfiguration;
			buildSettings = {
				ALWAYS_SEARCH_USER_PATHS = NO;
				CLANG_CXX_LANGUAGE_STANDARD = "gnu++0x";
				CLANG_CXX_LIBRARY = "libc++";
				CLANG_ENABLE_OBJC_ARC = YES;
				CLANG_WARN_BOOL_CONVERSION = YES;
				CLANG_WARN_CONSTANT_CONVERSION = YES;
				CLANG_WARN_DIRECT_OBJC_ISA_USAGE = YES_ERROR;
				CLANG_WARN_EMPTY_BODY = YES;
				CLANG_WARN_ENUM_CONVERSION = YES;
				CLANG_WARN_INT_CONVERSION = YES;
				CLANG_WARN_OBJC_ROOT_CLASS = YES_ERROR;
				CLANG_WARN__DUPLICATE_METHOD_MATCH = YES;
				COPY_PHASE_STRIP = YES;
				DEBUG_INFORMATION_FORMAT = "dwarf-with-dsym";
				ENABLE_NS_ASSERTIONS = NO;
				GCC_C_LANGUAGE_STANDARD = gnu99;
				GCC_ENABLE_OBJC_EXCEPTIONS = YES;
				GCC_WARN_64_TO_32_BIT_CONVERSION = YES;
				GCC_WARN_ABOUT_RETURN_TYPE = YES_ERROR;
				GCC_WARN_UNDECLARED_SELECTOR = YES;
				GCC_WARN_UNINITIALIZED_AUTOS = YES;
				GCC_WARN_UNUSED_FUNCTION = YES;
				GCC_WARN_UNUSED_VARIABLE = YES;
				IPHONEOS_DEPLOYMENT_TARGET = 7.0;
				MACOSX_DEPLOYMENT_TARGET = 10.9;
				SDKROOT = macosx;
			};
			name = Release;
		};
		D468877C1820409F00FCAFC8 /* Debug */ = {
			isa = XCBuildConfiguration;
			buildSettings = {
				GCC_PRECOMPILE_PREFIX_HEADER = YES;
				GCC_PREFIX_HEADER = "RSALib/RSALib-Prefix.pch";
				PRODUCT_NAME = "$(TARGET_NAME)";
			};
			name = Debug;
		};
		D468877D1820409F00FCAFC8 /* Release */ = {
			isa = XCBuildConfiguration;
			buildSettings = {
				GCC_PRECOMPILE_PREFIX_HEADER = YES;
				GCC_PREFIX_HEADER = "RSALib/RSALib-Prefix.pch";
				PRODUCT_NAME = "$(TARGET_NAME)";
			};
			name = Release;
		};
		D468877F1820409F00FCAFC8 /* Debug */ = {
			isa = XCBuildConfiguration;
			buildSettings = {
				COMBINE_HIDPI_IMAGES = YES;
				FRAMEWORK_SEARCH_PATHS = (
					"$(DEVELOPER_FRAMEWORKS_DIR)",
					"$(inherited)",
				);
				GCC_PRECOMPILE_PREFIX_HEADER = YES;
				GCC_PREFIX_HEADER = "RSALib/RSALib-Prefix.pch";
				GCC_PREPROCESSOR_DEFINITIONS = (
					"DEBUG=1",
					"$(inherited)",
				);
				INFOPLIST_FILE = "RSALibTests/RSALibTests-Info.plist";
				PRODUCT_NAME = "$(TARGET_NAME)";
				WRAPPER_EXTENSION = xctest;
			};
			name = Debug;
		};
		D46887801820409F00FCAFC8 /* Release */ = {
			isa = XCBuildConfiguration;
			buildSettings = {
				COMBINE_HIDPI_IMAGES = YES;
				FRAMEWORK_SEARCH_PATHS = (
					"$(DEVELOPER_FRAMEWORKS_DIR)",
					"$(inherited)",
				);
				GCC_PRECOMPILE_PREFIX_HEADER = YES;
				GCC_PREFIX_HEADER = "RSALib/RSALib-Prefix.pch";
				INFOPLIST_FILE = "RSALibTests/RSALibTests-Info.plist";
				PRODUCT_NAME = "$(TARGET_NAME)";
				WRAPPER_EXTENSION = xctest;
			};
			name = Release;
		};
		D46887A4182040B000FCAFC8 /* Debug */ = {
			isa = XCBuildConfiguration;
			buildSettings = {
				ARCHS = "$(ARCHS_STANDARD_INCLUDING_64_BIT)";
				CLANG_ENABLE_MODULES = YES;
				DSTROOT = /tmp/RSALibPhone.dst;
				GCC_PRECOMPILE_PREFIX_HEADER = YES;
				GCC_PREFIX_HEADER = "RSALibPhone/RSALibPhone-Prefix.pch";
				GCC_PREPROCESSOR_DEFINITIONS = (
					"DEBUG=1",
					"$(inherited)",
				);
				IPHONEOS_DEPLOYMENT_TARGET = 7.0;
				OTHER_LDFLAGS = "-ObjC";
				PRODUCT_NAME = "$(TARGET_NAME)";
				SCAN_ALL_SOURCE_FILES_FOR_INCLUDES = YES;
				SDKROOT = iphoneos;
				SKIP_INSTALL = YES;
				VALIDATE_PRODUCT = YES;
			};
			name = Debug;
		};
		D46887A5182040B000FCAFC8 /* Release */ = {
			isa = XCBuildConfiguration;
			buildSettings = {
				ARCHS = "$(ARCHS_STANDARD_INCLUDING_64_BIT)";
				CLANG_ENABLE_MODULES = YES;
				DSTROOT = /tmp/RSALibPhone.dst;
				GCC_PRECOMPILE_PREFIX_HEADER = YES;
				GCC_PREFIX_HEADER = "RSALibPhone/RSALibPhone-Prefix.pch";
				IPHONEOS_DEPLOYMENT_TARGET = 7.0;
				OTHER_LDFLAGS = "-ObjC";
				PRODUCT_NAME = "$(TARGET_NAME)";
				SCAN_ALL_SOURCE_FILES_FOR_INCLUDES = YES;
				SDKROOT = iphoneos;
				SKIP_INSTALL = YES;
				VALIDATE_PRODUCT = YES;
			};
			name = Release;
		};
		D46887A7182040B000FCAFC8 /* Debug */ = {
			isa = XCBuildConfiguration;
			buildSettings = {
				ARCHS = "$(ARCHS_STANDARD_INCLUDING_64_BIT)";
				CLANG_ENABLE_MODULES = YES;
				FRAMEWORK_SEARCH_PATHS = (
					"$(SDKROOT)/Developer/Library/Frameworks",
					"$(inherited)",
					"$(DEVELOPER_FRAMEWORKS_DIR)",
				);
				GCC_PRECOMPILE_PREFIX_HEADER = YES;
				GCC_PREFIX_HEADER = "RSALibPhone/RSALibPhone-Prefix.pch";
				GCC_PREPROCESSOR_DEFINITIONS = (
					"DEBUG=1",
					"$(inherited)",
				);
				INFOPLIST_FILE = "RSALibPhoneTests/RSALibPhoneTests-Info.plist";
				IPHONEOS_DEPLOYMENT_TARGET = 7.0;
				PRODUCT_NAME = "$(TARGET_NAME)";
				SCAN_ALL_SOURCE_FILES_FOR_INCLUDES = YES;
				SDKROOT = iphoneos;
				WRAPPER_EXTENSION = xctest;
			};
			name = Debug;
		};
		D46887A8182040B000FCAFC8 /* Release */ = {
			isa = XCBuildConfiguration;
			buildSettings = {
				ARCHS = "$(ARCHS_STANDARD_INCLUDING_64_BIT)";
				CLANG_ENABLE_MODULES = YES;
				FRAMEWORK_SEARCH_PATHS = (
					"$(SDKROOT)/Developer/Library/Frameworks",
					"$(inherited)",
					"$(DEVELOPER_FRAMEWORKS_DIR)",
				);
				GCC_PRECOMPILE_PREFIX_HEADER = YES;
				GCC_PREFIX_HEADER = "RSALibPhone/RSALibPhone-Prefix.pch";
				INFOPLIST_FILE = "RSALibPhoneTests/RSALibPhoneTests-Info.plist";
				IPHONEOS_DEPLOYMENT_TARGET = 7.0;
				PRODUCT_NAME = "$(TARGET_NAME)";
				SCAN_ALL_SOURCE_FILES_FOR_INCLUDES = YES;
				SDKROOT = iphoneos;
				VALIDATE_PRODUCT = YES;
				WRAPPER_EXTENSION = xctest;
			};
			name = Release;
		};
/* End XCBuildConfiguration section */

/* Begin XCConfigurationList section */
		D46887521820409F00FCAFC8 /* Build configuration list for PBXProject "RSALib" */ = {
			isa = XCConfigurationList;
			buildConfigurations = (
				D46887791820409F00FCAFC8 /* Debug */,
				D468877A1820409F00FCAFC8 /* Release */,
			);
			defaultConfigurationIsVisible = 0;
			defaultConfigurationName = Release;
		};
		D468877B1820409F00FCAFC8 /* Build configuration list for PBXNativeTarget "RSALib" */ = {
			isa = XCConfigurationList;
			buildConfigurations = (
				D468877C1820409F00FCAFC8 /* Debug */,
				D468877D1820409F00FCAFC8 /* Release */,
			);
			defaultConfigurationIsVisible = 0;
			defaultConfigurationName = Release;
		};
		D468877E1820409F00FCAFC8 /* Build configuration list for PBXNativeTarget "RSALibTests" */ = {
			isa = XCConfigurationList;
			buildConfigurations = (
				D468877F1820409F00FCAFC8 /* Debug */,
				D46887801820409F00FCAFC8 /* Release */,
			);
			defaultConfigurationIsVisible = 0;
			defaultConfigurationName = Release;
		};
		D46887A3182040B000FCAFC8 /* Build configuration list for PBXNativeTarget "RSALibPhone" */ = {
			isa = XCConfigurationList;
			buildConfigurations = (
				D46887A4182040B000FCAFC8 /* Debug */,
				D46887A5182040B000FCAFC8 /* Release */,
			);
			defaultConfigurationIsVisible = 0;
			defaultConfigurationName = Release;
		};
		D46887A6182040B000FCAFC8 /* Build configuration list for PBXNativeTarget "RSALibPhoneTests" */ = {
			isa = XCConfigurationList;
			buildConfigurations = (
				D46887A7182040B000FCAFC8 /* Debug */,
				D46887A8182040B000FCAFC8 /* Release */,
			);
			defaultConfigurationIsVisible = 0;
			defaultConfigurationName = Release;
		};
/* End XCConfigurationList section */
	};
	rootObject = D468874F1820409F00FCAFC8 /* Project object */;
}
